{
    "_readme": [
        "This file locks the dependencies of your project to a known state",
        "Read more about it at https://getcomposer.org/doc/01-basic-usage.md#composer-lock-the-lock-file",
        "This file is @generated automatically"
    ],
    "content-hash": "f2882f550afa739233fb0d932197b4be",
    "packages": [
        {
            "name": "zendframework/zend-ldap",
            "version": "2.8.0",
            "source": {
                "type": "git",
                "url": "https://github.com/zendframework/zend-ldap.git",
                "reference": "a9284a7440e17ce0ba697670bb4db1baf2340acd"
            },
            "dist": {
                "type": "zip",
                "url": "https://api.github.com/repos/zendframework/zend-ldap/zipball/a9284a7440e17ce0ba697670bb4db1baf2340acd",
                "reference": "a9284a7440e17ce0ba697670bb4db1baf2340acd",
                "shasum": ""
            },
            "require": {
                "ext-ldap": "*",
                "php": "^5.5 || ^7.0"
            },
            "require-dev": {
                "php-mock/php-mock-phpunit": "~0.3",
                "phpunit/phpunit": "^4.6",
                "zendframework/zend-coding-standard": "~1.0.0",
                "zendframework/zend-config": "^2.5",
                "zendframework/zend-eventmanager": "^2.6.3 || ^3.0.1",
                "zendframework/zend-stdlib": "^2.7 || ^3.0"
            },
            "suggest": {
                "zendframework/zend-eventmanager": "Zend\\EventManager component"
            },
            "type": "library",
            "extra": {
                "branch-alias": {
                    "dev-master": "2.8-dev",
                    "dev-develop": "2.9-dev"
                }
            },
            "autoload": {
                "psr-4": {
                    "Zend\\Ldap\\": "src/"
                }
            },
            "notification-url": "https://packagist.org/downloads/",
            "license": [
                "BSD-3-Clause"
            ],
            "description": "provides support for LDAP operations including but not limited to binding, searching and modifying entries in an LDAP directory",
            "homepage": "https://github.com/zendframework/zend-ldap",
            "keywords": [
                "ldap",
                "zf2"
            ],
            "time": "2017-03-06T20:39:12+00:00"
        }
    ],
    "packages-dev": [],
    "aliases": [],
    "minimum-stability": "stable",
    "stability-flags": [],
    "prefer-stable": false,
    "prefer-lowest": false,
    "platform": {
        "php": "^7.0"
    },
    "platform-dev": []
}
